
Microsoft Visual Studio Solution File, Format Version 12.00
# Visual Studio 14
VisualStudioVersion = 14.0.25420.1
MinimumVisualStudioVersion = 10.0.40219.1
Project("{FAE04EC0-301F-11D3-BF4B-00C04F79EFBC}") = "L1_Opt", "L1_Opt\L1_Opt.csproj", "{8862731F-BC04-4BAF-84DE-BCB2E48ABBCB}"
EndProject
Global
	GlobalSection(SolutionConfigurationPlatforms) = preSolution
		Debug|Any CPU = Debug|Any CPU
		Release|Any CPU = Release|Any CPU
	EndGlobalSection
	GlobalSection(ProjectConfigurationPlatforms) = postSolution
		{8862731F-BC04-4BAF-84DE-BCB2E48ABBCB}.Debug|Any CPU.ActiveCfg = Debug|Any CPU
		{8862731F-BC04-4BAF-84DE-BCB2E48ABBCB}.Debug|Any CPU.Build.0 = Debug|Any CPU
		{8862731F-BC04-4BAF-84DE-BCB2E48ABBCB}.Release|Any CPU.ActiveCfg = Release|Any CPU
		{8862731F-BC04-4BAF-84DE-BCB2E48ABBCB}.Release|Any CPU.Build.0 = Release|Any CPU
	EndGlobalSection
	GlobalSection(SolutionProperties) = preSolution
		HideSolutionNode = FALSE
	EndGlobalSection
EndGlobal
